{
  "name": "@hoplittlebunny/write-like-me",
  "version": "1.0.0-rc.6",
  "lockfileVersion": 3,
  "requires": true,
  "packages": {
    "": {
      "name": "@hoplittlebunny/write-like-me",
      "version": "1.0.0-rc.6",
      "license": "MIT",
      "bin": {
        "write-like-me": "bin/install.js"
      },
      "engines": {
        "node": ">=18"
      }
    }
  }
}
